{
  "version": 4,
  "terraform_version": "1.9.2",
  "serial": 22,
  "lineage": "2fc85589-0bef-2623-0917-ac6f14bff689",
  "outputs": {},
  "resources": [
    {
      "mode": "managed",
      "type": "azapi_resource",
      "name": "ssh_public_key",
      "provider": "provider[\"registry.terraform.io/azure/azapi\"]",
      "instances": [
        {
          "schema_version": 1,
          "attributes": {
            "body": {
              "value": "{}",
              "type": "string"
            },
            "id": "/subscriptions/2d780fa3-62b7-4f46-ab6e-db45695382b0/resourceGroups/rg-pleasing-opossum/providers/Microsoft.Compute/sshPublicKeys/ssheagerherring",
            "identity": [],
            "ignore_body_changes": null,
            "ignore_casing": false,
            "ignore_missing_property": true,
            "location": "westeurope",
            "locks": null,
            "name": "ssheagerherring",
            "output": {
              "value": "{}",
              "type": "string"
            },
            "parent_id": "/subscriptions/2d780fa3-62b7-4f46-ab6e-db45695382b0/resourceGroups/rg-pleasing-opossum",
            "removing_special_chars": false,
            "response_export_values": null,
            "schema_validation_enabled": true,
            "tags": null,
            "timeouts": null,
            "type": "Microsoft.Compute/sshPublicKeys@2022-11-01"
          },
          "sensitive_attributes": [],
          "dependencies": [
            "azurerm_resource_group.rg",
            "random_pet.rg_name",
            "random_pet.ssh_key_name"
          ]
        }
      ]
    },
    {
      "mode": "managed",
      "type": "azapi_resource_action",
      "name": "ssh_public_key_gen",
      "provider": "provider[\"registry.terraform.io/azure/azapi\"]",
      "instances": [
        {
          "schema_version": 1,
          "attributes": {
            "action": "generateKeyPair",
            "body": null,
            "id": "/subscriptions/2d780fa3-62b7-4f46-ab6e-db45695382b0/resourceGroups/rg-pleasing-opossum/providers/Microsoft.Compute/sshPublicKeys/ssheagerherring/generateKeyPair",
            "locks": null,
            "method": "POST",
            "output": {
              "value": {
                "privateKey": "-----BEGIN RSA PRIVATE KEY-----\r\nMIIG5AIBAAKCAYEAvsNHsM9jU11YROPI9emxjd7z/43rm1o5YRvf09WG2/i0D21C\r\nRCnMEZVey68GMQZjIVRiIrNtoJJhP9AHke94aofT6dBgICxRL8aj9o17stNEWXWs\r\nwLB7dpnhFt0icQRzte/gcTDauVfLo8Z6AFKPxBBXU4BuvLLABdS7SwoVPIvadwWS\r\no1rBklqRj9R9EJzDsXPp+PsdD2Xw31EIIJAisl6UkI9ntIZ3R/n7jvTNIizkOIrF\r\nVv4240+gV6BShl87p3iucMzleXQh5sFHRag2qSaTs/CAifjhnaJtxeXy54mCnmaP\r\nLfU7002IIYnJtXI2WdYUk23w8Xqka67iMwMjn6waFKxyY/d6gFf7tjw40xQwYWcp\r\nauy2eWeebu7Tjaip/db01Ak+4mMVxJJzyrpYMwgh+1b61OwnzNzpVmK7xJ6ruu11\r\nWKZX6OVe2WT4JrhsT3nslMgFa/xTg6UmTjye5pfl2YWwXRuHLQJ0EaT6CvDrVk+2\r\nmY7p8dsBpAEwAFwdAgMBAAECggGAWie2cQSCf7qk5eH1buskQ9Vz4Xo0OHaamZ9v\r\n2BCZLMrMZmIPqGFMlZ7Pb1nnhjHrlavouVetXu7vURZDDaBse4R4DY+ybmIjeH3b\r\nrcFODcS1D8aCf4qovvOYopKeHWWqPfkBTN128ZNhpaQ+snpSganra4ZOT5X3FIpm\r\nfd9lC/lYpVmX5OYWh9GP67bT6I7+GZabpFUhdc6K2S/VtHYKP9xdQDjWHUZTh0vI\r\nrNZbQGSQ83v6KdP5ItLWB7O4bNMCcH+Wu3r1oqtntdxfWtZpWcI1sUKJCQIzlJJm\r\nAwyD5zed6EK7VDhvDjM+hp66BnWN/kicfOZJpiKIkA4wb9fy8x+UyYFdUIjodtyv\r\nJt0WSyndASHlZITHqtJfjyVnNYTwd5moD1K44NTh6My8onKvTCrIx657XHqcNSaA\r\n0f+jea+P6/pA9YAVPBBPVnQn9jJpYZk/wiBsVJU7MoKzP+u3KHx0cixKpvA5AJo3\r\nIZr0eOQXB6tXP/TutmSfOVMUvDbNAoHBANdtWKUEFFNx6MvQIXdtxf36p7I35ILk\r\nz5XrlWVWppILrdGn/R1v+dzje3xKtwYTOxTFHHGEbn4+rMX6l4Xo7VUBujJSrlGH\r\n/NRXc2cCahAaJsY6gMx+K5Qzrf4jpAS+1FU8DAHudcHajvtCek0VnEnN81Scp/Hi\r\nyCrray4CwIPrIOllok0Ymi46NK/xmOeNhkqtf0eBRlzh11LcCasXkoPN/fpmNjjY\r\nUm3xhymNq+VvhxhtA5tjZ3YC+JsmQYc3nwKBwQDisMMxyeHbCttsr0vqO6D2Dvkl\r\nBSsNtIcCoZtgN245RyOTt5LCW5+Nm7WYy/ts0HfWP7gwK+y4rW92xJQWhcthQAax\r\naShFy0S1p5kd0oYMzxs6TFGMle7qpB7Yg8mTPmem2hNN6WyAgNVsulQRe0tKL7gG\r\nPTIS95S/RVgZrO1ZDwq+Zz5FvaP5MNodYzfieDT+RaRx0Mn6NEhnDmBy2eAKhNVg\r\ngnJjDgUB9IDdVDYaqCGqwsNMOcDkXzVlCx4WQsMCgcEAlnh6AkjnKaHWyQWHWrQC\r\nJ3R8za7cndDUbhMvNqlfj4M41chQs88S54a9KgPF8yhbjBZh16h4xRVh+KcgTxhz\r\nLX0XYS7/M1OY9Xhf0wOMsdKSYsNaU3uNVOcEEQ8z8VyZUy+t82tsNQtD85xrcIw3\r\nrhV8cQ07AWk2B0SIiIrDjWEei+fBhbg5eTCOvJY0BwiDVIX68ScKzrWwgN/QoQDG\r\nBepMDCp4lRwD92dM0WlzN76+zgDXFCJKkdNhcn02KAxhAoHAQ1URhVZbmX4uEqg2\r\nukof0zY7Vn2kfhujBmsOBZQxTx4MOTILi2M/jwYy+EGOWpHJJoAiq1xAodISC4r0\r\nGYSAFlC4LDX52lE4BWTUnAEOA/v4MGa+yi02m8dHyjPKyct9ahfYKAovSjP6MKNf\r\nmRmwEUb/OAsxNmUHb5CfTHEKxqsrG8b6vihH7hpOjvALh18BDo2M/KlxdLnWz5V7\r\nnGGOpFE0N8hHRZjCcAQ5yoPa1iweY+QZsihtXOfSqkKVGzOVAoHBANX7zrivdoX5\r\nCEOSjLz5nLLzgnBY4BbJZN8bo5r+1kAHv9oyarcH4T/kyLqzgYrlQAgHF9HpuUE1\r\n9ihm4RMQqGoG27uJtK26zrvZmg3wo/KzDxmlAgNv1iz3euwy0HWTU+iUXzR3qO0O\r\n6rqeDBPVkugOqto7D14lYXY138jZLC0hqJZvtsqQ6DzWsou//+6wZvsiWbMdgfeY\r\nb2ppWFQHfmcUxY3vEgnK8R7GdjDv8gU1v4twHDChq15xhXIyrqef+Q==\r\n-----END RSA PRIVATE KEY-----\r\n",
                "publicKey": "ssh-rsa AAAAB3NzaC1yc2EAAAADAQABAAABgQC+w0ewz2NTXVhE48j16bGN3vP/jeubWjlhG9/T1Ybb+LQPbUJEKcwRlV7LrwYxBmMhVGIis22gkmE/0AeR73hqh9Pp0GAgLFEvxqP2jXuy00RZdazAsHt2meEW3SJxBHO17+BxMNq5V8ujxnoAUo/EEFdTgG68ssAF1LtLChU8i9p3BZKjWsGSWpGP1H0QnMOxc+n4+x0PZfDfUQggkCKyXpSQj2e0hndH+fuO9M0iLOQ4isVW/jbjT6BXoFKGXzuneK5wzOV5dCHmwUdFqDapJpOz8ICJ+OGdom3F5fLniYKeZo8t9TvTTYghicm1cjZZ1hSTbfDxeqRrruIzAyOfrBoUrHJj93qAV/u2PDjTFDBhZylq7LZ5Z55u7tONqKn91vTUCT7iYxXEknPKulgzCCH7VvrU7CfM3OlWYrvEnqu67XVYplfo5V7ZZPgmuGxPeeyUyAVr/FODpSZOPJ7ml+XZhbBdG4ctAnQRpPoK8OtWT7aZjunx2wGkATAAXB0= generated-by-azure"
              },
              "type": [
                "object",
                {
                  "privateKey": "string",
                  "publicKey": "string"
                }
              ]
            },
            "resource_id": "/subscriptions/2d780fa3-62b7-4f46-ab6e-db45695382b0/resourceGroups/rg-pleasing-opossum/providers/Microsoft.Compute/sshPublicKeys/ssheagerherring",
            "response_export_values": [
              "publicKey",
              "privateKey"
            ],
            "timeouts": null,
            "type": "Microsoft.Compute/sshPublicKeys@2022-11-01",
            "when": "apply"
          },
          "sensitive_attributes": [],
          "dependencies": [
            "azapi_resource.ssh_public_key",
            "azurerm_resource_group.rg",
            "random_pet.rg_name",
            "random_pet.ssh_key_name"
          ]
        }
      ]
    },
    {
      "mode": "managed",
      "type": "azurerm_linux_virtual_machine",
      "name": "my_terraform_vm",
      "provider": "provider[\"registry.terraform.io/hashicorp/azurerm\"]",
      "instances": [
        {
          "status": "tainted",
          "schema_version": 0,
          "attributes": {
            "additional_capabilities": [],
            "admin_password": null,
            "admin_ssh_key": [
              {
                "public_key": "ssh-rsa AAAAB3NzaC1yc2EAAAADAQABAAABgQC+w0ewz2NTXVhE48j16bGN3vP/jeubWjlhG9/T1Ybb+LQPbUJEKcwRlV7LrwYxBmMhVGIis22gkmE/0AeR73hqh9Pp0GAgLFEvxqP2jXuy00RZdazAsHt2meEW3SJxBHO17+BxMNq5V8ujxnoAUo/EEFdTgG68ssAF1LtLChU8i9p3BZKjWsGSWpGP1H0QnMOxc+n4+x0PZfDfUQggkCKyXpSQj2e0hndH+fuO9M0iLOQ4isVW/jbjT6BXoFKGXzuneK5wzOV5dCHmwUdFqDapJpOz8ICJ+OGdom3F5fLniYKeZo8t9TvTTYghicm1cjZZ1hSTbfDxeqRrruIzAyOfrBoUrHJj93qAV/u2PDjTFDBhZylq7LZ5Z55u7tONqKn91vTUCT7iYxXEknPKulgzCCH7VvrU7CfM3OlWYrvEnqu67XVYplfo5V7ZZPgmuGxPeeyUyAVr/FODpSZOPJ7ml+XZhbBdG4ctAnQRpPoK8OtWT7aZjunx2wGkATAAXB0= generated-by-azure",
                "username": "azureadmin"
              }
            ],
            "admin_username": "azureadmin",
            "allow_extension_operations": true,
            "availability_set_id": "",
            "boot_diagnostics": [],
            "computer_name": "hostname",
            "custom_data": null,
            "dedicated_host_group_id": "",
            "dedicated_host_id": "",
            "disable_password_authentication": true,
            "encryption_at_host_enabled": false,
            "eviction_policy": "",
            "extensions_time_budget": "PT1H30M",
            "id": "/subscriptions/2d780fa3-62b7-4f46-ab6e-db45695382b0/resourceGroups/rg-pleasing-opossum/providers/Microsoft.Compute/virtualMachines/myVM",
            "identity": [],
            "license_type": "",
            "location": "westeurope",
            "max_bid_price": -1,
            "name": "myVM",
            "network_interface_ids": [
              "/subscriptions/2d780fa3-62b7-4f46-ab6e-db45695382b0/resourceGroups/rg-pleasing-opossum/providers/Microsoft.Network/networkInterfaces/myNIC"
            ],
            "os_disk": [
              {
                "caching": "ReadWrite",
                "diff_disk_settings": [],
                "disk_encryption_set_id": "",
                "disk_size_gb": 30,
                "name": "myOsDisk",
                "storage_account_type": "Premium_LRS",
                "write_accelerator_enabled": false
              }
            ],
            "patch_mode": "ImageDefault",
            "plan": [],
            "platform_fault_domain": -1,
            "priority": "Regular",
            "private_ip_address": "20.0.1.4",
            "private_ip_addresses": [
              "20.0.1.4"
            ],
            "provision_vm_agent": true,
            "proximity_placement_group_id": "",
            "public_ip_address": "40.68.128.139",
            "public_ip_addresses": [
              "40.68.128.139"
            ],
            "resource_group_name": "rg-pleasing-opossum",
            "secret": [],
            "secure_boot_enabled": false,
            "size": "Standard_DS1_v2",
            "source_image_id": "",
            "source_image_reference": [
              {
                "offer": "0001-com-ubuntu-server-jammy",
                "publisher": "Canonical",
                "sku": "22_04-lts-gen2",
                "version": "latest"
              }
            ],
            "tags": {},
            "timeouts": null,
            "user_data": "",
            "virtual_machine_id": "d3e2ae65-761d-40b6-8446-9c877747eea4",
            "virtual_machine_scale_set_id": "",
            "vtpm_enabled": false,
            "zone": ""
          },
          "sensitive_attributes": [
            [
              {
                "type": "get_attr",
                "value": "custom_data"
              }
            ],
            [
              {
                "type": "get_attr",
                "value": "admin_password"
              }
            ]
          ],
          "private": "eyJlMmJmYjczMC1lY2FhLTExZTYtOGY4OC0zNDM2M2JjN2M0YzAiOnsiY3JlYXRlIjoyNzAwMDAwMDAwMDAwLCJkZWxldGUiOjI3MDAwMDAwMDAwMDAsInJlYWQiOjMwMDAwMDAwMDAwMCwidXBkYXRlIjoyNzAwMDAwMDAwMDAwfX0=",
          "dependencies": [
            "azapi_resource.ssh_public_key",
            "azapi_resource_action.ssh_public_key_gen",
            "azurerm_network_interface.my_terraform_nic",
            "azurerm_public_ip.my_terraform_public_ip",
            "azurerm_resource_group.rg",
            "azurerm_subnet.my_terraform_subnet",
            "azurerm_virtual_network.my_terraform_network",
            "random_pet.rg_name",
            "random_pet.ssh_key_name"
          ]
        }
      ]
    },
    {
      "mode": "managed",
      "type": "azurerm_network_interface",
      "name": "my_terraform_nic",
      "provider": "provider[\"registry.terraform.io/hashicorp/azurerm\"]",
      "instances": [
        {
          "schema_version": 0,
          "attributes": {
            "applied_dns_servers": [],
            "dns_servers": [],
            "enable_accelerated_networking": false,
            "enable_ip_forwarding": false,
            "id": "/subscriptions/2d780fa3-62b7-4f46-ab6e-db45695382b0/resourceGroups/rg-pleasing-opossum/providers/Microsoft.Network/networkInterfaces/myNIC",
            "internal_dns_name_label": "",
            "internal_domain_name_suffix": "dmienowhgxnubpjlf5l3abmfpd.ax.internal.cloudapp.net",
            "ip_configuration": [
              {
                "gateway_load_balancer_frontend_ip_configuration_id": "",
                "name": "my_nic_configuration",
                "primary": true,
                "private_ip_address": "20.0.1.4",
                "private_ip_address_allocation": "Dynamic",
                "private_ip_address_version": "IPv4",
                "public_ip_address_id": "/subscriptions/2d780fa3-62b7-4f46-ab6e-db45695382b0/resourceGroups/rg-pleasing-opossum/providers/Microsoft.Network/publicIPAddresses/myPublicIP",
                "subnet_id": "/subscriptions/2d780fa3-62b7-4f46-ab6e-db45695382b0/resourceGroups/rg-pleasing-opossum/providers/Microsoft.Network/virtualNetworks/myVnet/subnets/mySubnet"
              }
            ],
            "location": "westeurope",
            "mac_address": "00-0D-3A-AD-EF-A0",
            "name": "myNIC",
            "private_ip_address": "20.0.1.4",
            "private_ip_addresses": [
              "20.0.1.4"
            ],
            "resource_group_name": "rg-pleasing-opossum",
            "tags": {},
            "timeouts": null,
            "virtual_machine_id": "/subscriptions/2d780fa3-62b7-4f46-ab6e-db45695382b0/resourceGroups/rg-pleasing-opossum/providers/Microsoft.Compute/virtualMachines/myVM"
          },
          "sensitive_attributes": [],
          "private": "eyJlMmJmYjczMC1lY2FhLTExZTYtOGY4OC0zNDM2M2JjN2M0YzAiOnsiY3JlYXRlIjoxODAwMDAwMDAwMDAwLCJkZWxldGUiOjE4MDAwMDAwMDAwMDAsInJlYWQiOjMwMDAwMDAwMDAwMCwidXBkYXRlIjoxODAwMDAwMDAwMDAwfX0=",
          "dependencies": [
            "azurerm_public_ip.my_terraform_public_ip",
            "azurerm_resource_group.rg",
            "azurerm_subnet.my_terraform_subnet",
            "azurerm_virtual_network.my_terraform_network",
            "random_pet.rg_name"
          ]
        }
      ]
    },
    {
      "mode": "managed",
      "type": "azurerm_public_ip",
      "name": "my_terraform_public_ip",
      "provider": "provider[\"registry.terraform.io/hashicorp/azurerm\"]",
      "instances": [
        {
          "schema_version": 0,
          "attributes": {
            "allocation_method": "Dynamic",
            "availability_zone": "No-Zone",
            "domain_name_label": null,
            "fqdn": null,
            "id": "/subscriptions/2d780fa3-62b7-4f46-ab6e-db45695382b0/resourceGroups/rg-pleasing-opossum/providers/Microsoft.Network/publicIPAddresses/myPublicIP",
            "idle_timeout_in_minutes": 4,
            "ip_address": "40.68.128.139",
            "ip_tags": {},
            "ip_version": "IPv4",
            "location": "westeurope",
            "name": "myPublicIP",
            "public_ip_prefix_id": null,
            "resource_group_name": "rg-pleasing-opossum",
            "reverse_fqdn": null,
            "sku": "Basic",
            "sku_tier": "Regional",
            "tags": {},
            "timeouts": null,
            "zones": []
          },
          "sensitive_attributes": [],
          "private": "eyJlMmJmYjczMC1lY2FhLTExZTYtOGY4OC0zNDM2M2JjN2M0YzAiOnsiY3JlYXRlIjoxODAwMDAwMDAwMDAwLCJkZWxldGUiOjE4MDAwMDAwMDAwMDAsInJlYWQiOjMwMDAwMDAwMDAwMCwidXBkYXRlIjoxODAwMDAwMDAwMDAwfX0=",
          "dependencies": [
            "azurerm_resource_group.rg",
            "random_pet.rg_name"
          ]
        }
      ]
    },
    {
      "mode": "managed",
      "type": "azurerm_resource_group",
      "name": "rg",
      "provider": "provider[\"registry.terraform.io/hashicorp/azurerm\"]",
      "instances": [
        {
          "schema_version": 0,
          "attributes": {
            "id": "/subscriptions/2d780fa3-62b7-4f46-ab6e-db45695382b0/resourceGroups/rg-pleasing-opossum",
            "location": "westeurope",
            "name": "rg-pleasing-opossum",
            "tags": {},
            "timeouts": null
          },
          "sensitive_attributes": [],
          "private": "eyJlMmJmYjczMC1lY2FhLTExZTYtOGY4OC0zNDM2M2JjN2M0YzAiOnsiY3JlYXRlIjo1NDAwMDAwMDAwMDAwLCJkZWxldGUiOjU0MDAwMDAwMDAwMDAsInJlYWQiOjMwMDAwMDAwMDAwMCwidXBkYXRlIjo1NDAwMDAwMDAwMDAwfX0=",
          "dependencies": [
            "random_pet.rg_name"
          ]
        }
      ]
    },
    {
      "mode": "managed",
      "type": "azurerm_subnet",
      "name": "my_terraform_subnet",
      "provider": "provider[\"registry.terraform.io/hashicorp/azurerm\"]",
      "instances": [
        {
          "schema_version": 0,
          "attributes": {
            "address_prefix": "20.0.1.0/24",
            "address_prefixes": [
              "20.0.1.0/24"
            ],
            "delegation": [],
            "enforce_private_link_endpoint_network_policies": false,
            "enforce_private_link_service_network_policies": false,
            "id": "/subscriptions/2d780fa3-62b7-4f46-ab6e-db45695382b0/resourceGroups/rg-pleasing-opossum/providers/Microsoft.Network/virtualNetworks/myVnet/subnets/mySubnet",
            "name": "mySubnet",
            "resource_group_name": "rg-pleasing-opossum",
            "service_endpoint_policy_ids": [],
            "service_endpoints": [],
            "timeouts": null,
            "virtual_network_name": "myVnet"
          },
          "sensitive_attributes": [],
          "private": "eyJlMmJmYjczMC1lY2FhLTExZTYtOGY4OC0zNDM2M2JjN2M0YzAiOnsiY3JlYXRlIjoxODAwMDAwMDAwMDAwLCJkZWxldGUiOjE4MDAwMDAwMDAwMDAsInJlYWQiOjMwMDAwMDAwMDAwMCwidXBkYXRlIjoxODAwMDAwMDAwMDAwfX0=",
          "dependencies": [
            "azurerm_resource_group.rg",
            "azurerm_virtual_network.my_terraform_network",
            "random_pet.rg_name"
          ]
        }
      ]
    },
    {
      "mode": "managed",
      "type": "azurerm_virtual_network",
      "name": "my_terraform_network",
      "provider": "provider[\"registry.terraform.io/hashicorp/azurerm\"]",
      "instances": [
        {
          "schema_version": 0,
          "attributes": {
            "address_space": [
              "20.0.0.0/16"
            ],
            "bgp_community": "",
            "ddos_protection_plan": [],
            "dns_servers": [],
            "flow_timeout_in_minutes": 0,
            "guid": "ba46101b-35c7-40db-bd2b-2fd7d005857b",
            "id": "/subscriptions/2d780fa3-62b7-4f46-ab6e-db45695382b0/resourceGroups/rg-pleasing-opossum/providers/Microsoft.Network/virtualNetworks/myVnet",
            "location": "westeurope",
            "name": "myVnet",
            "resource_group_name": "rg-pleasing-opossum",
            "subnet": [
              {
                "address_prefix": "20.0.1.0/24",
                "id": "/subscriptions/2d780fa3-62b7-4f46-ab6e-db45695382b0/resourceGroups/rg-pleasing-opossum/providers/Microsoft.Network/virtualNetworks/myVnet/subnets/mySubnet",
                "name": "mySubnet",
                "security_group": ""
              }
            ],
            "tags": {},
            "timeouts": null,
            "vm_protection_enabled": false
          },
          "sensitive_attributes": [],
          "private": "eyJlMmJmYjczMC1lY2FhLTExZTYtOGY4OC0zNDM2M2JjN2M0YzAiOnsiY3JlYXRlIjoxODAwMDAwMDAwMDAwLCJkZWxldGUiOjE4MDAwMDAwMDAwMDAsInJlYWQiOjMwMDAwMDAwMDAwMCwidXBkYXRlIjoxODAwMDAwMDAwMDAwfX0=",
          "dependencies": [
            "azurerm_resource_group.rg",
            "random_pet.rg_name"
          ]
        }
      ]
    },
    {
      "mode": "managed",
      "type": "random_pet",
      "name": "rg_name",
      "provider": "provider[\"registry.terraform.io/hashicorp/random\"]",
      "instances": [
        {
          "schema_version": 0,
          "attributes": {
            "id": "rg-pleasing-opossum",
            "keepers": null,
            "length": 2,
            "prefix": "rg",
            "separator": "-"
          },
          "sensitive_attributes": []
        }
      ]
    },
    {
      "mode": "managed",
      "type": "random_pet",
      "name": "ssh_key_name",
      "provider": "provider[\"registry.terraform.io/hashicorp/random\"]",
      "instances": [
        {
          "schema_version": 0,
          "attributes": {
            "id": "ssheagerherring",
            "keepers": null,
            "length": 2,
            "prefix": "ssh",
            "separator": ""
          },
          "sensitive_attributes": []
        }
      ]
    }
  ],
  "check_results": null
}
